
Microsoft Visual Studio Solution File, Format Version 12.00
# Visual Studio Version 17
VisualStudioVersion = 17.10.35122.118
MinimumVisualStudioVersion = 10.0.40219.1
Project("{FAE04EC0-301F-11D3-BF4B-00C04F79EFBC}") = "expenses", "expenses.csproj", "{3A7F3B9E-BBEA-4A22-973C-2B3C9EE00679}"
EndProject
Global
	GlobalSection(SolutionConfigurationPlatforms) = preSolution
		Debug|Any CPU = Debug|Any CPU
		Release|Any CPU = Release|Any CPU
	EndGlobalSection
	GlobalSection(ProjectConfigurationPlatforms) = postSolution
		{3A7F3B9E-BBEA-4A22-973C-2B3C9EE00679}.Debug|Any CPU.ActiveCfg = Debug|Any CPU
		{3A7F3B9E-BBEA-4A22-973C-2B3C9EE00679}.Debug|Any CPU.Build.0 = Debug|Any CPU
		{3A7F3B9E-BBEA-4A22-973C-2B3C9EE00679}.Release|Any CPU.ActiveCfg = Release|Any CPU
		{3A7F3B9E-BBEA-4A22-973C-2B3C9EE00679}.Release|Any CPU.Build.0 = Release|Any CPU
	EndGlobalSection
	GlobalSection(SolutionProperties) = preSolution
		HideSolutionNode = FALSE
	EndGlobalSection
	GlobalSection(ExtensibilityGlobals) = postSolution
		SolutionGuid = {44E882C2-EE69-4A64-856B-CEB803C4B80F}
	EndGlobalSection
EndGlobal
